
Microsoft Visual Studio Solution File, Format Version 12.00
# Visual Studio Version 16
VisualStudioVersion = 16.0.32510.428
MinimumVisualStudioVersion = 10.0.40219.1
Project("{FAE04EC0-301F-11D3-BF4B-00C04F79EFBC}") = "shar_hospital", "shar_hospital\shar_hospital.csproj", "{820A01E9-B3B5-4196-8D8B-5A8D51559F6E}"
EndProject
Global
	GlobalSection(SolutionConfigurationPlatforms) = preSolution
		Debug|Any CPU = Debug|Any CPU
		Release|Any CPU = Release|Any CPU
	EndGlobalSection
	GlobalSection(ProjectConfigurationPlatforms) = postSolution
		{820A01E9-B3B5-4196-8D8B-5A8D51559F6E}.Debug|Any CPU.ActiveCfg = Debug|Any CPU
		{820A01E9-B3B5-4196-8D8B-5A8D51559F6E}.Debug|Any CPU.Build.0 = Debug|Any CPU
		{820A01E9-B3B5-4196-8D8B-5A8D51559F6E}.Release|Any CPU.ActiveCfg = Release|Any CPU
		{820A01E9-B3B5-4196-8D8B-5A8D51559F6E}.Release|Any CPU.Build.0 = Release|Any CPU
	EndGlobalSection
	GlobalSection(SolutionProperties) = preSolution
		HideSolutionNode = FALSE
	EndGlobalSection
	GlobalSection(ExtensibilityGlobals) = postSolution
		SolutionGuid = {2B560646-5D78-4E6E-A090-BB5CCA97E5B9}
	EndGlobalSection
EndGlobal
